
Microsoft Visual Studio Solution File, Format Version 12.00
Project("{FAE04EC0-301F-11D3-BF4B-00C04F79EFBC}") = "XPrinter.Client", "XPrinter.Client\XPrinter.Client.csproj", "{4E4BC459-9D0A-49BA-B566-7527C33C7FA4}"
EndProject
Project("{FAE04EC0-301F-11D3-BF4B-00C04F79EFBC}") = "XPrinter.Server", "XPrinter.Server\XPrinter.Server.csproj", "{E8DC22F7-C32F-4ABA-9D30-0E66831F9523}"
EndProject
Global
	GlobalSection(SolutionConfigurationPlatforms) = preSolution
		Debug|Any CPU = Debug|Any CPU
		Release|Any CPU = Release|Any CPU
	EndGlobalSection
	GlobalSection(ProjectConfigurationPlatforms) = postSolution
		{4E4BC459-9D0A-49BA-B566-7527C33C7FA4}.Debug|Any CPU.ActiveCfg = Debug|Any CPU
		{4E4BC459-9D0A-49BA-B566-7527C33C7FA4}.Debug|Any CPU.Build.0 = Debug|Any CPU
		{4E4BC459-9D0A-49BA-B566-7527C33C7FA4}.Release|Any CPU.ActiveCfg = Release|Any CPU
		{4E4BC459-9D0A-49BA-B566-7527C33C7FA4}.Release|Any CPU.Build.0 = Release|Any CPU
		{E8DC22F7-C32F-4ABA-9D30-0E66831F9523}.Debug|Any CPU.ActiveCfg = Debug|Any CPU
		{E8DC22F7-C32F-4ABA-9D30-0E66831F9523}.Debug|Any CPU.Build.0 = Debug|Any CPU
		{E8DC22F7-C32F-4ABA-9D30-0E66831F9523}.Release|Any CPU.ActiveCfg = Release|Any CPU
		{E8DC22F7-C32F-4ABA-9D30-0E66831F9523}.Release|Any CPU.Build.0 = Release|Any CPU
	EndGlobalSection
EndGlobal
